
Microsoft Visual Studio Solution File, Format Version 12.00
# Visual Studio Version 17
VisualStudioVersion = 17.5.33516.290
MinimumVisualStudioVersion = 10.0.40219.1
Project("{9A19103F-16F7-4668-BE54-9A1E7A4F7556}") = "rsvsport_logiciel", "rsvsport_logiciel.csproj", "{6ED1382D-A080-4944-8B6B-F6FD7FEB2AAF}"
EndProject
Project("{2150E333-8FDC-42A3-9474-1A3956D46DE8}") = "Solution Items", "Solution Items", "{2633B634-3E97-4802-8013-8B220E522221}"
	ProjectSection(SolutionItems) = preProject
		.editorconfig = .editorconfig
	EndProjectSection
EndProject
Global
	GlobalSection(SolutionConfigurationPlatforms) = preSolution
		Debug|Any CPU = Debug|Any CPU
		Debug|x64 = Debug|x64
		Release|Any CPU = Release|Any CPU
		Release|x64 = Release|x64
		rsvsport|Any CPU = rsvsport|Any CPU
		rsvsport|x64 = rsvsport|x64
	EndGlobalSection
	GlobalSection(ProjectConfigurationPlatforms) = postSolution
		{6ED1382D-A080-4944-8B6B-F6FD7FEB2AAF}.Debug|Any CPU.ActiveCfg = Debug|Any CPU
		{6ED1382D-A080-4944-8B6B-F6FD7FEB2AAF}.Debug|Any CPU.Build.0 = Debug|Any CPU
		{6ED1382D-A080-4944-8B6B-F6FD7FEB2AAF}.Debug|x64.ActiveCfg = Debug|x64
		{6ED1382D-A080-4944-8B6B-F6FD7FEB2AAF}.Debug|x64.Build.0 = Debug|x64
		{6ED1382D-A080-4944-8B6B-F6FD7FEB2AAF}.Release|Any CPU.ActiveCfg = Release|Any CPU
		{6ED1382D-A080-4944-8B6B-F6FD7FEB2AAF}.Release|Any CPU.Build.0 = Release|Any CPU
		{6ED1382D-A080-4944-8B6B-F6FD7FEB2AAF}.Release|x64.ActiveCfg = Release|x64
		{6ED1382D-A080-4944-8B6B-F6FD7FEB2AAF}.Release|x64.Build.0 = Release|x64
		{6ED1382D-A080-4944-8B6B-F6FD7FEB2AAF}.rsvsport|Any CPU.ActiveCfg = rsvsport|Any CPU
		{6ED1382D-A080-4944-8B6B-F6FD7FEB2AAF}.rsvsport|x64.ActiveCfg = rsvsport|x64
		{6ED1382D-A080-4944-8B6B-F6FD7FEB2AAF}.rsvsport|x64.Build.0 = rsvsport|x64
	EndGlobalSection
	GlobalSection(SolutionProperties) = preSolution
		HideSolutionNode = FALSE
	EndGlobalSection
	GlobalSection(ExtensibilityGlobals) = postSolution
		SolutionGuid = {BCDEA757-B569-460E-9AB3-4122EBF318CB}
	EndGlobalSection
EndGlobal
